// !$*UTF8*$!
{
	archiveVersion = 1;
	classes = {
	};
	objectVersion = 77;
	objects = {

/* Begin PBXBuildFile section */
		3171A70F2FB65E8800304319 /* WidgetKit.framework in Frameworks */ = {isa = PBXBuildFile; fileRef = 3171A70E2FB65E8800304319 /* WidgetKit.framework */; };
		3171A7112FB65E8800304319 /* SwiftUI.framework in Frameworks */ = {isa = PBXBuildFile; fileRef = 3171A7102FB65E8800304319 /* SwiftUI.framework */; };
		3171A71E2FB65E8900304319 /* QuestsWidgetExtension.appex in Embed Foundation Extensions */ = {isa = PBXBuildFile; fileRef = 3171A70C2FB65E8800304319 /* QuestsWidgetExtension.appex */; settings = {ATTRIBUTES = (RemoveHeadersOnCopy, ); }; };
		4819F10E2CDF5819003CA0AE /* EnvironmentOverrides in Frameworks */ = {isa = PBXBuildFile; productRef = 4819F10D2CDF5819003CA0AE /* EnvironmentOverrides */; };
		4819F1172CDF6DD4003CA0AE /* ViewInspector in Frameworks */ = {isa = PBXBuildFile; productRef = 4819F1162CDF6DD4003CA0AE /* ViewInspector */; };
/* End PBXBuildFile section */

/* Begin PBXContainerItemProxy section */
		3171A71C2FB65E8900304319 /* PBXContainerItemProxy */ = {
			isa = PBXContainerItemProxy;
			containerPortal = 4887340F2CDCA2DB00B400A3 /* Project object */;
			proxyType = 1;
			remoteGlobalIDString = 3171A70B2FB65E8800304319;
			remoteInfo = QuestsWidgetExtension;
		};
		4887342A2CDCA2DD00B400A3 /* PBXContainerItemProxy */ = {
			isa = PBXContainerItemProxy;
			containerPortal = 4887340F2CDCA2DB00B400A3 /* Project object */;
			proxyType = 1;
			remoteGlobalIDString = 488734162CDCA2DB00B400A3;
			remoteInfo = LifePlanner;
		};
/* End PBXContainerItemProxy section */

/* Begin PBXCopyFilesBuildPhase section */
		3171A71F2FB65E8900304319 /* Embed Foundation Extensions */ = {
			isa = PBXCopyFilesBuildPhase;
			buildActionMask = 2147483647;
			dstPath = "";
			dstSubfolderSpec = 13;
			files = (
				3171A71E2FB65E8900304319 /* QuestsWidgetExtension.appex in Embed Foundation Extensions */,
			);
			name = "Embed Foundation Extensions";
			runOnlyForDeploymentPostprocessing = 0;
		};
/* End PBXCopyFilesBuildPhase section */

/* Begin PBXFileReference section */
		3171A70C2FB65E8800304319 /* QuestsWidgetExtension.appex */ = {isa = PBXFileReference; explicitFileType = "wrapper.app-extension"; includeInIndex = 0; path = QuestsWidgetExtension.appex; sourceTree = BUILT_PRODUCTS_DIR; };
		3171A70E2FB65E8800304319 /* WidgetKit.framework */ = {isa = PBXFileReference; lastKnownFileType = wrapper.framework; name = WidgetKit.framework; path = System/Library/Frameworks/WidgetKit.framework; sourceTree = SDKROOT; };
		3171A7102FB65E8800304319 /* SwiftUI.framework */ = {isa = PBXFileReference; lastKnownFileType = wrapper.framework; name = SwiftUI.framework; path = System/Library/Frameworks/SwiftUI.framework; sourceTree = SDKROOT; };
		3171A72B2FB65F3800304319 /* QuestsWidgetExtension.entitlements */ = {isa = PBXFileReference; lastKnownFileType = text.plist.entitlements; path = QuestsWidgetExtension.entitlements; sourceTree = "<group>"; };
		488734172CDCA2DB00B400A3 /* LifePlanner.app */ = {isa = PBXFileReference; explicitFileType = wrapper.application; includeInIndex = 0; path = LifePlanner.app; sourceTree = BUILT_PRODUCTS_DIR; };
		488734292CDCA2DD00B400A3 /* UnitTests.xctest */ = {isa = PBXFileReference; explicitFileType = wrapper.cfbundle; includeInIndex = 0; path = UnitTests.xctest; sourceTree = BUILT_PRODUCTS_DIR; };
/* End PBXFileReference section */

/* Begin PBXFileSystemSynchronizedBuildFileExceptionSet section */
		3171A7222FB65E8900304319 /* Exceptions for "QuestsWidget" folder in "QuestsWidgetExtension" target */ = {
			isa = PBXFileSystemSynchronizedBuildFileExceptionSet;
			membershipExceptions = (
				Info.plist,
			);
			target = 3171A70B2FB65E8800304319 /* QuestsWidgetExtension */;
		};
		3171A86B2FB663F300304319 /* Exceptions for "LifePlanner" folder in "QuestsWidgetExtension" target */ = {
			isa = PBXFileSystemSynchronizedBuildFileExceptionSet;
			membershipExceptions = (
				Repositories/Database/ModelContainer.swift,
				Repositories/Models/Achievement.swift,
				Repositories/Models/AppSchema.swift,
				Repositories/Models/FarmPlot.swift,
				Repositories/Models/FarmState.swift,
				Repositories/Models/Goal.swift,
				Repositories/Models/Habit.swift,
				Repositories/Models/OwnedCosmetic.swift,
				Repositories/Models/OwnedTool.swift,
				Repositories/Models/Quest.swift,
				Repositories/Models/Task.swift,
				Repositories/Models/WeatherEvent.swift,
			);
			target = 3171A70B2FB65E8800304319 /* QuestsWidgetExtension */;
		};
/* End PBXFileSystemSynchronizedBuildFileExceptionSet section */

/* Begin PBXFileSystemSynchronizedRootGroup section */
		3171A7122FB65E8800304319 /* QuestsWidget */ = {
			isa = PBXFileSystemSynchronizedRootGroup;
			exceptions = (
				3171A7222FB65E8900304319 /* Exceptions for "QuestsWidget" folder in "QuestsWidgetExtension" target */,
			);
			path = QuestsWidget;
			sourceTree = "<group>";
		};
		488734192CDCA2DB00B400A3 /* LifePlanner */ = {
			isa = PBXFileSystemSynchronizedRootGroup;
			exceptions = (
				3171A86B2FB663F300304319 /* Exceptions for "LifePlanner" folder in "QuestsWidgetExtension" target */,
			);
			path = LifePlanner;
			sourceTree = "<group>";
		};
		4887342C2CDCA2DD00B400A3 /* UnitTests */ = {
			isa = PBXFileSystemSynchronizedRootGroup;
			path = UnitTests;
			sourceTree = "<group>";
		};
/* End PBXFileSystemSynchronizedRootGroup section */

/* Begin PBXFrameworksBuildPhase section */
		3171A7092FB65E8800304319 /* Frameworks */ = {
			isa = PBXFrameworksBuildPhase;
			buildActionMask = 2147483647;
			files = (
				3171A7112FB65E8800304319 /* SwiftUI.framework in Frameworks */,
				3171A70F2FB65E8800304319 /* WidgetKit.framework in Frameworks */,
			);
			runOnlyForDeploymentPostprocessing = 0;
		};
		488734142CDCA2DB00B400A3 /* Frameworks */ = {
			isa = PBXFrameworksBuildPhase;
			buildActionMask = 2147483647;
			files = (
				4819F10E2CDF5819003CA0AE /* EnvironmentOverrides in Frameworks */,
			);
			runOnlyForDeploymentPostprocessing = 0;
		};
		488734262CDCA2DD00B400A3 /* Frameworks */ = {
			isa = PBXFrameworksBuildPhase;
			buildActionMask = 2147483647;
			files = (
				4819F1172CDF6DD4003CA0AE /* ViewInspector in Frameworks */,
			);
			runOnlyForDeploymentPostprocessing = 0;
		};
/* End PBXFrameworksBuildPhase section */

/* Begin PBXGroup section */
		3171A70D2FB65E8800304319 /* Frameworks */ = {
			isa = PBXGroup;
			children = (
				3171A70E2FB65E8800304319 /* WidgetKit.framework */,
				3171A7102FB65E8800304319 /* SwiftUI.framework */,
			);
			name = Frameworks;
			sourceTree = "<group>";
		};
		4887340E2CDCA2DB00B400A3 = {
			isa = PBXGroup;
			children = (
				3171A72B2FB65F3800304319 /* QuestsWidgetExtension.entitlements */,
				488734192CDCA2DB00B400A3 /* LifePlanner */,
				4887342C2CDCA2DD00B400A3 /* UnitTests */,
				3171A7122FB65E8800304319 /* QuestsWidget */,
				3171A70D2FB65E8800304319 /* Frameworks */,
				488734182CDCA2DB00B400A3 /* Products */,
			);
			sourceTree = "<group>";
		};
		488734182CDCA2DB00B400A3 /* Products */ = {
			isa = PBXGroup;
			children = (
				488734172CDCA2DB00B400A3 /* LifePlanner.app */,
				488734292CDCA2DD00B400A3 /* UnitTests.xctest */,
				3171A70C2FB65E8800304319 /* QuestsWidgetExtension.appex */,
			);
			name = Products;
			sourceTree = "<group>";
		};
/* End PBXGroup section */

/* Begin PBXNativeTarget section */
		3171A70B2FB65E8800304319 /* QuestsWidgetExtension */ = {
			isa = PBXNativeTarget;
			buildConfigurationList = 3171A7232FB65E8900304319 /* Build configuration list for PBXNativeTarget "QuestsWidgetExtension" */;
			buildPhases = (
				3171A7082FB65E8800304319 /* Sources */,
				3171A7092FB65E8800304319 /* Frameworks */,
				3171A70A2FB65E8800304319 /* Resources */,
			);
			buildRules = (
			);
			dependencies = (
			);
			fileSystemSynchronizedGroups = (
				3171A7122FB65E8800304319 /* QuestsWidget */,
			);
			name = QuestsWidgetExtension;
			packageProductDependencies = (
			);
			productName = QuestsWidgetExtension;
			productReference = 3171A70C2FB65E8800304319 /* QuestsWidgetExtension.appex */;
			productType = "com.apple.product-type.app-extension";
		};
		488734162CDCA2DB00B400A3 /* LifePlanner */ = {
			isa = PBXNativeTarget;
			buildConfigurationList = 4887343D2CDCA2DD00B400A3 /* Build configuration list for PBXNativeTarget "LifePlanner" */;
			buildPhases = (
				488734132CDCA2DB00B400A3 /* Sources */,
				488734142CDCA2DB00B400A3 /* Frameworks */,
				488734152CDCA2DB00B400A3 /* Resources */,
				3171A71F2FB65E8900304319 /* Embed Foundation Extensions */,
			);
			buildRules = (
			);
			dependencies = (
				3171A71D2FB65E8900304319 /* PBXTargetDependency */,
			);
			fileSystemSynchronizedGroups = (
				488734192CDCA2DB00B400A3 /* LifePlanner */,
			);
			name = LifePlanner;
			packageProductDependencies = (
				4819F10D2CDF5819003CA0AE /* EnvironmentOverrides */,
			);
			productName = LifePlanner;
			productReference = 488734172CDCA2DB00B400A3 /* LifePlanner.app */;
			productType = "com.apple.product-type.application";
		};
		488734282CDCA2DD00B400A3 /* UnitTests */ = {
			isa = PBXNativeTarget;
			buildConfigurationList = 488734402CDCA2DD00B400A3 /* Build configuration list for PBXNativeTarget "UnitTests" */;
			buildPhases = (
				488734252CDCA2DD00B400A3 /* Sources */,
				488734262CDCA2DD00B400A3 /* Frameworks */,
				488734272CDCA2DD00B400A3 /* Resources */,
			);
			buildRules = (
			);
			dependencies = (
				4887342B2CDCA2DD00B400A3 /* PBXTargetDependency */,
			);
			fileSystemSynchronizedGroups = (
				4887342C2CDCA2DD00B400A3 /* UnitTests */,
			);
			name = UnitTests;
			packageProductDependencies = (
				4819F1162CDF6DD4003CA0AE /* ViewInspector */,
			);
			productName = LifePlannerTests;
			productReference = 488734292CDCA2DD00B400A3 /* UnitTests.xctest */;
			productType = "com.apple.product-type.bundle.unit-test";
		};
/* End PBXNativeTarget section */

/* Begin PBXProject section */
		4887340F2CDCA2DB00B400A3 /* Project object */ = {
			isa = PBXProject;
			attributes = {
				BuildIndependentTargetsInParallel = 1;
				LastSwiftUpdateCheck = 2650;
				LastUpgradeCheck = 2650;
				ORGANIZATIONNAME = "Alexey Naumov";
				TargetAttributes = {
					3171A70B2FB65E8800304319 = {
						CreatedOnToolsVersion = 26.5;
					};
					488734162CDCA2DB00B400A3 = {
						CreatedOnToolsVersion = 16.1;
					};
					488734282CDCA2DD00B400A3 = {
						CreatedOnToolsVersion = 16.1;
						TestTargetID = 488734162CDCA2DB00B400A3;
					};
				};
			};
			buildConfigurationList = 488734122CDCA2DB00B400A3 /* Build configuration list for PBXProject "LifePlanner" */;
			developmentRegion = en;
			hasScannedForEncodings = 0;
			knownRegions = (
				en,
				Base,
				ja,
				de,
			);
			mainGroup = 4887340E2CDCA2DB00B400A3;
			minimizedProjectReferenceProxies = 1;
			packageReferences = (
				4819F10C2CDF5819003CA0AE /* XCRemoteSwiftPackageReference "EnvironmentOverrides" */,
				4819F1152CDF6DD4003CA0AE /* XCRemoteSwiftPackageReference "ViewInspector" */,
			);
			preferredProjectObjectVersion = 77;
			productRefGroup = 488734182CDCA2DB00B400A3 /* Products */;
			projectDirPath = "";
			projectRoot = "";
			targets = (
				488734162CDCA2DB00B400A3 /* LifePlanner */,
				488734282CDCA2DD00B400A3 /* UnitTests */,
				3171A70B2FB65E8800304319 /* QuestsWidgetExtension */,
			);
		};
/* End PBXProject section */

/* Begin PBXResourcesBuildPhase section */
		3171A70A2FB65E8800304319 /* Resources */ = {
			isa = PBXResourcesBuildPhase;
			buildActionMask = 2147483647;
			files = (
			);
			runOnlyForDeploymentPostprocessing = 0;
		};
		488734152CDCA2DB00B400A3 /* Resources */ = {
			isa = PBXResourcesBuildPhase;
			buildActionMask = 2147483647;
			files = (
			);
			runOnlyForDeploymentPostprocessing = 0;
		};
		488734272CDCA2DD00B400A3 /* Resources */ = {
			isa = PBXResourcesBuildPhase;
			buildActionMask = 2147483647;
			files = (
			);
			runOnlyForDeploymentPostprocessing = 0;
		};
/* End PBXResourcesBuildPhase section */

/* Begin PBXSourcesBuildPhase section */
		3171A7082FB65E8800304319 /* Sources */ = {
			isa = PBXSourcesBuildPhase;
			buildActionMask = 2147483647;
			files = (
			);
			runOnlyForDeploymentPostprocessing = 0;
		};
		488734132CDCA2DB00B400A3 /* Sources */ = {
			isa = PBXSourcesBuildPhase;
			buildActionMask = 2147483647;
			files = (
			);
			runOnlyForDeploymentPostprocessing = 0;
		};
		488734252CDCA2DD00B400A3 /* Sources */ = {
			isa = PBXSourcesBuildPhase;
			buildActionMask = 2147483647;
			files = (
			);
			runOnlyForDeploymentPostprocessing = 0;
		};
/* End PBXSourcesBuildPhase section */

/* Begin PBXTargetDependency section */
		3171A71D2FB65E8900304319 /* PBXTargetDependency */ = {
			isa = PBXTargetDependency;
			target = 3171A70B2FB65E8800304319 /* QuestsWidgetExtension */;
			targetProxy = 3171A71C2FB65E8900304319 /* PBXContainerItemProxy */;
		};
		4887342B2CDCA2DD00B400A3 /* PBXTargetDependency */ = {
			isa = PBXTargetDependency;
			target = 488734162CDCA2DB00B400A3 /* LifePlanner */;
			targetProxy = 4887342A2CDCA2DD00B400A3 /* PBXContainerItemProxy */;
		};
/* End PBXTargetDependency section */

/* Begin XCBuildConfiguration section */
		3171A7202FB65E8900304319 /* Debug */ = {
			isa = XCBuildConfiguration;
			buildSettings = {
				ASSETCATALOG_COMPILER_GLOBAL_ACCENT_COLOR_NAME = AccentColor;
				ASSETCATALOG_COMPILER_WIDGET_BACKGROUND_COLOR_NAME = WidgetBackground;
				CODE_SIGN_ENTITLEMENTS = QuestsWidgetExtension.entitlements;
				CODE_SIGN_STYLE = Automatic;
				CURRENT_PROJECT_VERSION = 15;
				GENERATE_INFOPLIST_FILE = YES;
				INFOPLIST_FILE = QuestsWidget/Info.plist;
				INFOPLIST_KEY_CFBundleDisplayName = QuestsWidget;
				INFOPLIST_KEY_NSHumanReadableCopyright = "Copyright © 2026 Alexey Naumov. All rights reserved.";
				IPHONEOS_DEPLOYMENT_TARGET = 18.0;
				LD_RUNPATH_SEARCH_PATHS = (
					"$(inherited)",
					"@executable_path/Frameworks",
					"@executable_path/../../Frameworks",
				);
				MARKETING_VERSION = 1.0;
				PRODUCT_BUNDLE_IDENTIFIER = com.rbooth.lifeplanner.QuestsWidget;
				PRODUCT_NAME = "$(TARGET_NAME)";
				SKIP_INSTALL = YES;
				STRING_CATALOG_GENERATE_SYMBOLS = YES;
				SWIFT_APPROACHABLE_CONCURRENCY = YES;
				SWIFT_EMIT_LOC_STRINGS = YES;
				SWIFT_UPCOMING_FEATURE_MEMBER_IMPORT_VISIBILITY = YES;
				SWIFT_VERSION = 5.0;
				TARGETED_DEVICE_FAMILY = "1,2";
			};
			name = Debug;
		};
		3171A7212FB65E8900304319 /* Release */ = {
			isa = XCBuildConfiguration;
			buildSettings = {
				ASSETCATALOG_COMPILER_GLOBAL_ACCENT_COLOR_NAME = AccentColor;
				ASSETCATALOG_COMPILER_WIDGET_BACKGROUND_COLOR_NAME = WidgetBackground;
				CODE_SIGN_ENTITLEMENTS = QuestsWidgetExtension.entitlements;
				CODE_SIGN_STYLE = Automatic;
				CURRENT_PROJECT_VERSION = 15;
				GENERATE_INFOPLIST_FILE = YES;
				INFOPLIST_FILE = QuestsWidget/Info.plist;
				INFOPLIST_KEY_CFBundleDisplayName = QuestsWidget;
				INFOPLIST_KEY_NSHumanReadableCopyright = "Copyright © 2026 Alexey Naumov. All rights reserved.";
				IPHONEOS_DEPLOYMENT_TARGET = 18.0;
				LD_RUNPATH_SEARCH_PATHS = (
					"$(inherited)",
					"@executable_path/Frameworks",
					"@executable_path/../../Frameworks",
				);
				MARKETING_VERSION = 1.0;
				PRODUCT_BUNDLE_IDENTIFIER = com.rbooth.lifeplanner.QuestsWidget;
				PRODUCT_NAME = "$(TARGET_NAME)";
				SKIP_INSTALL = YES;
				STRING_CATALOG_GENERATE_SYMBOLS = YES;
				SWIFT_APPROACHABLE_CONCURRENCY = YES;
				SWIFT_EMIT_LOC_STRINGS = YES;
				SWIFT_UPCOMING_FEATURE_MEMBER_IMPORT_VISIBILITY = YES;
				SWIFT_VERSION = 5.0;
				TARGETED_DEVICE_FAMILY = "1,2";
			};
			name = Release;
		};
		4887343B2CDCA2DD00B400A3 /* Debug */ = {
			isa = XCBuildConfiguration;
			buildSettings = {
				ALWAYS_SEARCH_USER_PATHS = NO;
				ASSETCATALOG_COMPILER_GENERATE_SWIFT_ASSET_SYMBOL_EXTENSIONS = YES;
				CLANG_ANALYZER_LOCALIZABILITY_NONLOCALIZED = YES;
				CLANG_ANALYZER_NONNULL = YES;
				CLANG_ANALYZER_NUMBER_OBJECT_CONVERSION = YES_AGGRESSIVE;
				CLANG_CXX_LANGUAGE_STANDARD = "gnu++20";
				CLANG_ENABLE_MODULES = YES;
				CLANG_ENABLE_OBJC_ARC = YES;
				CLANG_ENABLE_OBJC_WEAK = YES;
				CLANG_WARN_BLOCK_CAPTURE_AUTORELEASING = YES;
				CLANG_WARN_BOOL_CONVERSION = YES;
				CLANG_WARN_COMMA = YES;
				CLANG_WARN_CONSTANT_CONVERSION = YES;
				CLANG_WARN_DEPRECATED_OBJC_IMPLEMENTATIONS = YES;
				CLANG_WARN_DIRECT_OBJC_ISA_USAGE = YES_ERROR;
				CLANG_WARN_DOCUMENTATION_COMMENTS = YES;
				CLANG_WARN_EMPTY_BODY = YES;
				CLANG_WARN_ENUM_CONVERSION = YES;
				CLANG_WARN_INFINITE_RECURSION = YES;
				CLANG_WARN_INT_CONVERSION = YES;
				CLANG_WARN_NON_LITERAL_NULL_CONVERSION = YES;
				CLANG_WARN_OBJC_IMPLICIT_RETAIN_SELF = YES;
				CLANG_WARN_OBJC_LITERAL_CONVERSION = YES;
				CLANG_WARN_OBJC_ROOT_CLASS = YES_ERROR;
				CLANG_WARN_QUOTED_INCLUDE_IN_FRAMEWORK_HEADER = YES;
				CLANG_WARN_RANGE_LOOP_ANALYSIS = YES;
				CLANG_WARN_STRICT_PROTOTYPES = YES;
				CLANG_WARN_SUSPICIOUS_MOVE = YES;
				CLANG_WARN_UNGUARDED_AVAILABILITY = YES_AGGRESSIVE;
				CLANG_WARN_UNREACHABLE_CODE = YES;
				CLANG_WARN__DUPLICATE_METHOD_MATCH = YES;
				COPY_PHASE_STRIP = NO;
				DEBUG_INFORMATION_FORMAT = dwarf;
				DEVELOPMENT_TEAM = RXT87P3NH5;
				ENABLE_STRICT_OBJC_MSGSEND = YES;
				ENABLE_TESTABILITY = YES;
				ENABLE_USER_SCRIPT_SANDBOXING = YES;
				GCC_C_LANGUAGE_STANDARD = gnu17;
				GCC_DYNAMIC_NO_PIC = NO;
				GCC_NO_COMMON_BLOCKS = YES;
				GCC_OPTIMIZATION_LEVEL = 0;
				GCC_PREPROCESSOR_DEFINITIONS = (
					"DEBUG=1",
					"$(inherited)",
				);
				GCC_WARN_64_TO_32_BIT_CONVERSION = YES;
				GCC_WARN_ABOUT_RETURN_TYPE = YES_ERROR;
				GCC_WARN_UNDECLARED_SELECTOR = YES;
				GCC_WARN_UNINITIALIZED_AUTOS = YES_AGGRESSIVE;
				GCC_WARN_UNUSED_FUNCTION = YES;
				GCC_WARN_UNUSED_VARIABLE = YES;
				IPHONEOS_DEPLOYMENT_TARGET = 18.1;
				LOCALIZATION_PREFERS_STRING_CATALOGS = YES;
				MTL_ENABLE_DEBUG_INFO = INCLUDE_SOURCE;
				MTL_FAST_MATH = YES;
				ONLY_ACTIVE_ARCH = YES;
				SDKROOT = iphoneos;
				STRING_CATALOG_GENERATE_SYMBOLS = YES;
				SWIFT_ACTIVE_COMPILATION_CONDITIONS = "DEBUG $(inherited)";
				SWIFT_EMIT_LOC_STRINGS = YES;
				SWIFT_OPTIMIZATION_LEVEL = "-Onone";
			};
			name = Debug;
		};
		4887343C2CDCA2DD00B400A3 /* Release */ = {
			isa = XCBuildConfiguration;
			buildSettings = {
				ALWAYS_SEARCH_USER_PATHS = NO;
				ASSETCATALOG_COMPILER_GENERATE_SWIFT_ASSET_SYMBOL_EXTENSIONS = YES;
				CLANG_ANALYZER_LOCALIZABILITY_NONLOCALIZED = YES;
				CLANG_ANALYZER_NONNULL = YES;
				CLANG_ANALYZER_NUMBER_OBJECT_CONVERSION = YES_AGGRESSIVE;
				CLANG_CXX_LANGUAGE_STANDARD = "gnu++20";
				CLANG_ENABLE_MODULES = YES;
				CLANG_ENABLE_OBJC_ARC = YES;
				CLANG_ENABLE_OBJC_WEAK = YES;
				CLANG_WARN_BLOCK_CAPTURE_AUTORELEASING = YES;
				CLANG_WARN_BOOL_CONVERSION = YES;
				CLANG_WARN_COMMA = YES;
				CLANG_WARN_CONSTANT_CONVERSION = YES;
				CLANG_WARN_DEPRECATED_OBJC_IMPLEMENTATIONS = YES;
				CLANG_WARN_DIRECT_OBJC_ISA_USAGE = YES_ERROR;
				CLANG_WARN_DOCUMENTATION_COMMENTS = YES;
				CLANG_WARN_EMPTY_BODY = YES;
				CLANG_WARN_ENUM_CONVERSION = YES;
				CLANG_WARN_INFINITE_RECURSION = YES;
				CLANG_WARN_INT_CONVERSION = YES;
				CLANG_WARN_NON_LITERAL_NULL_CONVERSION = YES;
				CLANG_WARN_OBJC_IMPLICIT_RETAIN_SELF = YES;
				CLANG_WARN_OBJC_LITERAL_CONVERSION = YES;
				CLANG_WARN_OBJC_ROOT_CLASS = YES_ERROR;
				CLANG_WARN_QUOTED_INCLUDE_IN_FRAMEWORK_HEADER = YES;
				CLANG_WARN_RANGE_LOOP_ANALYSIS = YES;
				CLANG_WARN_STRICT_PROTOTYPES = YES;
				CLANG_WARN_SUSPICIOUS_MOVE = YES;
				CLANG_WARN_UNGUARDED_AVAILABILITY = YES_AGGRESSIVE;
				CLANG_WARN_UNREACHABLE_CODE = YES;
				CLANG_WARN__DUPLICATE_METHOD_MATCH = YES;
				COPY_PHASE_STRIP = NO;
				DEBUG_INFORMATION_FORMAT = "dwarf-with-dsym";
				DEVELOPMENT_TEAM = RXT87P3NH5;
				ENABLE_NS_ASSERTIONS = NO;
				ENABLE_STRICT_OBJC_MSGSEND = YES;
				ENABLE_USER_SCRIPT_SANDBOXING = YES;
				GCC_C_LANGUAGE_STANDARD = gnu17;
				GCC_NO_COMMON_BLOCKS = YES;
				GCC_WARN_64_TO_32_BIT_CONVERSION = YES;
				GCC_WARN_ABOUT_RETURN_TYPE = YES_ERROR;
				GCC_WARN_UNDECLARED_SELECTOR = YES;
				GCC_WARN_UNINITIALIZED_AUTOS = YES_AGGRESSIVE;
				GCC_WARN_UNUSED_FUNCTION = YES;
				GCC_WARN_UNUSED_VARIABLE = YES;
				IPHONEOS_DEPLOYMENT_TARGET = 18.1;
				LOCALIZATION_PREFERS_STRING_CATALOGS = YES;
				MTL_ENABLE_DEBUG_INFO = NO;
				MTL_FAST_MATH = YES;
				SDKROOT = iphoneos;
				STRING_CATALOG_GENERATE_SYMBOLS = YES;
				SWIFT_COMPILATION_MODE = wholemodule;
				SWIFT_EMIT_LOC_STRINGS = YES;
				VALIDATE_PRODUCT = YES;
			};
			name = Release;
		};
		4887343E2CDCA2DD00B400A3 /* Debug */ = {
			isa = XCBuildConfiguration;
			buildSettings = {
				ASSETCATALOG_COMPILER_APPICON_NAME = AppIcon;
				ASSETCATALOG_COMPILER_GLOBAL_ACCENT_COLOR_NAME = AccentColor;
				CODE_SIGN_ENTITLEMENTS = LifePlanner/LifePlanner.entitlements;
				CODE_SIGN_STYLE = Automatic;
				CURRENT_PROJECT_VERSION = 15;
				DEVELOPMENT_ASSET_PATHS = "\"LifePlanner/Resources/Preview Assets.xcassets\"";
				ENABLE_PREVIEWS = YES;
				GENERATE_INFOPLIST_FILE = YES;
				INFOPLIST_KEY_CFBundleDisplayName = Tiller;
				INFOPLIST_KEY_CFBundleIconName = AppIcon;
				INFOPLIST_KEY_ITSAppUsesNonExemptEncryption = NO;
				INFOPLIST_KEY_UIApplicationSceneManifest_Generation = YES;
				INFOPLIST_KEY_UIApplicationSupportsIndirectInputEvents = YES;
				INFOPLIST_KEY_UILaunchScreen_Generation = YES;
				INFOPLIST_KEY_UISupportedInterfaceOrientations_iPad = "UIInterfaceOrientationPortrait UIInterfaceOrientationPortraitUpsideDown UIInterfaceOrientationLandscapeLeft UIInterfaceOrientationLandscapeRight";
				INFOPLIST_KEY_UISupportedInterfaceOrientations_iPhone = "UIInterfaceOrientationPortrait UIInterfaceOrientationLandscapeLeft UIInterfaceOrientationLandscapeRight";
				IPHONEOS_DEPLOYMENT_TARGET = 18.0;
				LD_RUNPATH_SEARCH_PATHS = (
					"$(inherited)",
					"@executable_path/Frameworks",
				);
				MARKETING_VERSION = 1.0;
				PRODUCT_BUNDLE_IDENTIFIER = com.rbooth.lifeplanner;
				PRODUCT_NAME = "$(TARGET_NAME)";
				REGISTER_APP_GROUPS = YES;
				SUPPORTED_PLATFORMS = "iphoneos iphonesimulator macosx";
				SUPPORTS_MACCATALYST = NO;
				SUPPORTS_MAC_DESIGNED_FOR_IPHONE_IPAD = NO;
				SUPPORTS_XR_DESIGNED_FOR_IPHONE_IPAD = NO;
				SWIFT_EMIT_LOC_STRINGS = YES;
				SWIFT_VERSION = 5.0;
				TARGETED_DEVICE_FAMILY = 1;
			};
			name = Debug;
		};
		4887343F2CDCA2DD00B400A3 /* Release */ = {
			isa = XCBuildConfiguration;
			buildSettings = {
				ASSETCATALOG_COMPILER_APPICON_NAME = AppIcon;
				ASSETCATALOG_COMPILER_GLOBAL_ACCENT_COLOR_NAME = AccentColor;
				CODE_SIGN_ENTITLEMENTS = LifePlanner/LifePlanner.entitlements;
				CODE_SIGN_STYLE = Automatic;
				CURRENT_PROJECT_VERSION = 15;
				DEVELOPMENT_ASSET_PATHS = "\"LifePlanner/Resources/Preview Assets.xcassets\"";
				ENABLE_PREVIEWS = YES;
				GENERATE_INFOPLIST_FILE = YES;
				INFOPLIST_KEY_CFBundleDisplayName = Tiller;
				INFOPLIST_KEY_CFBundleIconName = AppIcon;
				INFOPLIST_KEY_ITSAppUsesNonExemptEncryption = NO;
				INFOPLIST_KEY_UIApplicationSceneManifest_Generation = YES;
				INFOPLIST_KEY_UIApplicationSupportsIndirectInputEvents = YES;
				INFOPLIST_KEY_UILaunchScreen_Generation = YES;
				INFOPLIST_KEY_UISupportedInterfaceOrientations_iPad = "UIInterfaceOrientationPortrait UIInterfaceOrientationPortraitUpsideDown UIInterfaceOrientationLandscapeLeft UIInterfaceOrientationLandscapeRight";
				INFOPLIST_KEY_UISupportedInterfaceOrientations_iPhone = "UIInterfaceOrientationPortrait UIInterfaceOrientationLandscapeLeft UIInterfaceOrientationLandscapeRight";
				IPHONEOS_DEPLOYMENT_TARGET = 18.0;
				LD_RUNPATH_SEARCH_PATHS = (
					"$(inherited)",
					"@executable_path/Frameworks",
				);
				MARKETING_VERSION = 1.0;
				PRODUCT_BUNDLE_IDENTIFIER = com.rbooth.lifeplanner;
				PRODUCT_NAME = "$(TARGET_NAME)";
				REGISTER_APP_GROUPS = YES;
				SUPPORTED_PLATFORMS = "iphoneos iphonesimulator macosx";
				SUPPORTS_MACCATALYST = NO;
				SUPPORTS_MAC_DESIGNED_FOR_IPHONE_IPAD = NO;
				SUPPORTS_XR_DESIGNED_FOR_IPHONE_IPAD = NO;
				SWIFT_EMIT_LOC_STRINGS = YES;
				SWIFT_VERSION = 5.0;
				TARGETED_DEVICE_FAMILY = 1;
			};
			name = Release;
		};
		488734412CDCA2DD00B400A3 /* Debug */ = {
			isa = XCBuildConfiguration;
			buildSettings = {
				BUNDLE_LOADER = "$(TEST_HOST)";
				CODE_SIGN_STYLE = Automatic;
				CURRENT_PROJECT_VERSION = 15;
				GENERATE_INFOPLIST_FILE = YES;
				IPHONEOS_DEPLOYMENT_TARGET = 18.1;
				MARKETING_VERSION = 1.0;
				PRODUCT_BUNDLE_IDENTIFIER = com.rbooth.lifeplanner.tests;
				PRODUCT_NAME = "$(TARGET_NAME)";
				SWIFT_EMIT_LOC_STRINGS = NO;
				SWIFT_VERSION = 5.0;
				TARGETED_DEVICE_FAMILY = 1;
				TEST_HOST = "$(BUILT_PRODUCTS_DIR)/LifePlanner.app/$(BUNDLE_EXECUTABLE_FOLDER_PATH)/LifePlanner";
			};
			name = Debug;
		};
		488734422CDCA2DD00B400A3 /* Release */ = {
			isa = XCBuildConfiguration;
			buildSettings = {
				BUNDLE_LOADER = "$(TEST_HOST)";
				CODE_SIGN_STYLE = Automatic;
				CURRENT_PROJECT_VERSION = 15;
				GENERATE_INFOPLIST_FILE = YES;
				IPHONEOS_DEPLOYMENT_TARGET = 18.1;
				MARKETING_VERSION = 1.0;
				PRODUCT_BUNDLE_IDENTIFIER = com.rbooth.lifeplanner.tests;
				PRODUCT_NAME = "$(TARGET_NAME)";
				SWIFT_EMIT_LOC_STRINGS = NO;
				SWIFT_VERSION = 5.0;
				TARGETED_DEVICE_FAMILY = 1;
				TEST_HOST = "$(BUILT_PRODUCTS_DIR)/LifePlanner.app/$(BUNDLE_EXECUTABLE_FOLDER_PATH)/LifePlanner";
			};
			name = Release;
		};
/* End XCBuildConfiguration section */

/* Begin XCConfigurationList section */
		3171A7232FB65E8900304319 /* Build configuration list for PBXNativeTarget "QuestsWidgetExtension" */ = {
			isa = XCConfigurationList;
			buildConfigurations = (
				3171A7202FB65E8900304319 /* Debug */,
				3171A7212FB65E8900304319 /* Release */,
			);
			defaultConfigurationIsVisible = 0;
			defaultConfigurationName = Release;
		};
		488734122CDCA2DB00B400A3 /* Build configuration list for PBXProject "LifePlanner" */ = {
			isa = XCConfigurationList;
			buildConfigurations = (
				4887343B2CDCA2DD00B400A3 /* Debug */,
				4887343C2CDCA2DD00B400A3 /* Release */,
			);
			defaultConfigurationIsVisible = 0;
			defaultConfigurationName = Release;
		};
		4887343D2CDCA2DD00B400A3 /* Build configuration list for PBXNativeTarget "LifePlanner" */ = {
			isa = XCConfigurationList;
			buildConfigurations = (
				4887343E2CDCA2DD00B400A3 /* Debug */,
				4887343F2CDCA2DD00B400A3 /* Release */,
			);
			defaultConfigurationIsVisible = 0;
			defaultConfigurationName = Release;
		};
		488734402CDCA2DD00B400A3 /* Build configuration list for PBXNativeTarget "UnitTests" */ = {
			isa = XCConfigurationList;
			buildConfigurations = (
				488734412CDCA2DD00B400A3 /* Debug */,
				488734422CDCA2DD00B400A3 /* Release */,
			);
			defaultConfigurationIsVisible = 0;
			defaultConfigurationName = Release;
		};
/* End XCConfigurationList section */

/* Begin XCRemoteSwiftPackageReference section */
		4819F10C2CDF5819003CA0AE /* XCRemoteSwiftPackageReference "EnvironmentOverrides" */ = {
			isa = XCRemoteSwiftPackageReference;
			repositoryURL = "https://github.com/nalexn/EnvironmentOverrides";
			requirement = {
				kind = upToNextMajorVersion;
				minimumVersion = 0.0.4;
			};
		};
		4819F1152CDF6DD4003CA0AE /* XCRemoteSwiftPackageReference "ViewInspector" */ = {
			isa = XCRemoteSwiftPackageReference;
			repositoryURL = "https://github.com/nalexn/ViewInspector";
			requirement = {
				kind = upToNextMajorVersion;
				minimumVersion = 0.10.0;
			};
		};
/* End XCRemoteSwiftPackageReference section */

/* Begin XCSwiftPackageProductDependency section */
		4819F10D2CDF5819003CA0AE /* EnvironmentOverrides */ = {
			isa = XCSwiftPackageProductDependency;
			package = 4819F10C2CDF5819003CA0AE /* XCRemoteSwiftPackageReference "EnvironmentOverrides" */;
			productName = EnvironmentOverrides;
		};
		4819F1162CDF6DD4003CA0AE /* ViewInspector */ = {
			isa = XCSwiftPackageProductDependency;
			package = 4819F1152CDF6DD4003CA0AE /* XCRemoteSwiftPackageReference "ViewInspector" */;
			productName = ViewInspector;
		};
/* End XCSwiftPackageProductDependency section */
	};
	rootObject = 4887340F2CDCA2DB00B400A3 /* Project object */;
}
